
Microsoft Visual Studio Solution File, Format Version 12.00
# Visual Studio Version 17
VisualStudioVersion = 17.0.31912.275
MinimumVisualStudioVersion = 10.0.40219.1
Project("{FAE04EC0-301F-11D3-BF4B-00C04F79EFBC}") = "Boudica", "Boudica\Boudica.csproj", "{70FD315A-EB64-419D-B84C-49FED2BD975B}"
EndProject
Global
	GlobalSection(SolutionConfigurationPlatforms) = preSolution
		Debug|Any CPU = Debug|Any CPU
		Release|Any CPU = Release|Any CPU
	EndGlobalSection
	GlobalSection(ProjectConfigurationPlatforms) = postSolution
		{70FD315A-EB64-419D-B84C-49FED2BD975B}.Debug|Any CPU.ActiveCfg = Debug|Any CPU
		{70FD315A-EB64-419D-B84C-49FED2BD975B}.Debug|Any CPU.Build.0 = Debug|Any CPU
		{70FD315A-EB64-419D-B84C-49FED2BD975B}.Release|Any CPU.ActiveCfg = Release|Any CPU
		{70FD315A-EB64-419D-B84C-49FED2BD975B}.Release|Any CPU.Build.0 = Release|Any CPU
	EndGlobalSection
	GlobalSection(SolutionProperties) = preSolution
		HideSolutionNode = FALSE
	EndGlobalSection
	GlobalSection(ExtensibilityGlobals) = postSolution
		SolutionGuid = {C0836D1C-AB98-4B41-9D36-51F7F1246E17}
	EndGlobalSection
EndGlobal
